
Microsoft Visual Studio Solution File, Format Version 12.00
# Visual Studio Version 17
VisualStudioVersion = 17.8.34330.188
MinimumVisualStudioVersion = 10.0.40219.1
Project("{FAE04EC0-301F-11D3-BF4B-00C04F79EFBC}") = "lesson 13 Delegate", "lesson 13 Delegate.csproj", "{C740D7D8-EAB3-4758-A4D2-B73D30182A10}"
EndProject
Global
	GlobalSection(SolutionConfigurationPlatforms) = preSolution
		Debug|Any CPU = Debug|Any CPU
		Release|Any CPU = Release|Any CPU
	EndGlobalSection
	GlobalSection(ProjectConfigurationPlatforms) = postSolution
		{C740D7D8-EAB3-4758-A4D2-B73D30182A10}.Debug|Any CPU.ActiveCfg = Debug|Any CPU
		{C740D7D8-EAB3-4758-A4D2-B73D30182A10}.Debug|Any CPU.Build.0 = Debug|Any CPU
		{C740D7D8-EAB3-4758-A4D2-B73D30182A10}.Release|Any CPU.ActiveCfg = Release|Any CPU
		{C740D7D8-EAB3-4758-A4D2-B73D30182A10}.Release|Any CPU.Build.0 = Release|Any CPU
	EndGlobalSection
	GlobalSection(SolutionProperties) = preSolution
		HideSolutionNode = FALSE
	EndGlobalSection
	GlobalSection(ExtensibilityGlobals) = postSolution
		SolutionGuid = {22DF6D94-3942-42F5-8C1B-90571ACED3C6}
	EndGlobalSection
EndGlobal
