
Microsoft Visual Studio Solution File, Format Version 12.00
# Visual Studio Version 17
VisualStudioVersion = 17.8.34601.278
MinimumVisualStudioVersion = 10.0.40219.1
Project("{FAE04EC0-301F-11D3-BF4B-00C04F79EFBC}") = "IComparable", "IComparable.csproj", "{2DD4625B-E2FF-4C0B-AB0F-C13E84080064}"
EndProject
Global
	GlobalSection(SolutionConfigurationPlatforms) = preSolution
		Debug|Any CPU = Debug|Any CPU
		Release|Any CPU = Release|Any CPU
	EndGlobalSection
	GlobalSection(ProjectConfigurationPlatforms) = postSolution
		{2DD4625B-E2FF-4C0B-AB0F-C13E84080064}.Debug|Any CPU.ActiveCfg = Debug|Any CPU
		{2DD4625B-E2FF-4C0B-AB0F-C13E84080064}.Debug|Any CPU.Build.0 = Debug|Any CPU
		{2DD4625B-E2FF-4C0B-AB0F-C13E84080064}.Release|Any CPU.ActiveCfg = Release|Any CPU
		{2DD4625B-E2FF-4C0B-AB0F-C13E84080064}.Release|Any CPU.Build.0 = Release|Any CPU
	EndGlobalSection
	GlobalSection(SolutionProperties) = preSolution
		HideSolutionNode = FALSE
	EndGlobalSection
	GlobalSection(ExtensibilityGlobals) = postSolution
		SolutionGuid = {5F849703-DFC6-4721-A1C9-F5DFF0E61060}
	EndGlobalSection
EndGlobal
