
Microsoft Visual Studio Solution File, Format Version 12.00
# Visual Studio Version 17
VisualStudioVersion = 17.8.34601.278
MinimumVisualStudioVersion = 10.0.40219.1
Project("{FAE04EC0-301F-11D3-BF4B-00C04F79EFBC}") = "DelegationwithCalculator", "DelegationwithCalculator.csproj", "{CDA84F7A-9153-4C9C-9EEF-6846DDA4E0E8}"
EndProject
Global
	GlobalSection(SolutionConfigurationPlatforms) = preSolution
		Debug|Any CPU = Debug|Any CPU
		Release|Any CPU = Release|Any CPU
	EndGlobalSection
	GlobalSection(ProjectConfigurationPlatforms) = postSolution
		{CDA84F7A-9153-4C9C-9EEF-6846DDA4E0E8}.Debug|Any CPU.ActiveCfg = Debug|Any CPU
		{CDA84F7A-9153-4C9C-9EEF-6846DDA4E0E8}.Debug|Any CPU.Build.0 = Debug|Any CPU
		{CDA84F7A-9153-4C9C-9EEF-6846DDA4E0E8}.Release|Any CPU.ActiveCfg = Release|Any CPU
		{CDA84F7A-9153-4C9C-9EEF-6846DDA4E0E8}.Release|Any CPU.Build.0 = Release|Any CPU
	EndGlobalSection
	GlobalSection(SolutionProperties) = preSolution
		HideSolutionNode = FALSE
	EndGlobalSection
	GlobalSection(ExtensibilityGlobals) = postSolution
		SolutionGuid = {FFAE7FA8-69C4-448F-9136-01C2B315F1FB}
	EndGlobalSection
EndGlobal
